
Microsoft Visual Studio Solution File, Format Version 12.00
# Visual Studio Version 17
VisualStudioVersion = 17.14.36623.8 d17.14
MinimumVisualStudioVersion = 10.0.40219.1
Project("{FAE04EC0-301F-11D3-BF4B-00C04F79EFBC}") = "SmartVideoCallApp", "SmartVideoCallApp.csproj", "{B7BA5B49-B60F-460E-B0FF-B674C3E6DE8A}"
EndProject
Global
	GlobalSection(SolutionConfigurationPlatforms) = preSolution
		Debug|Any CPU = Debug|Any CPU
		Release|Any CPU = Release|Any CPU
	EndGlobalSection
	GlobalSection(ProjectConfigurationPlatforms) = postSolution
		{B7BA5B49-B60F-460E-B0FF-B674C3E6DE8A}.Debug|Any CPU.ActiveCfg = Debug|Any CPU
		{B7BA5B49-B60F-460E-B0FF-B674C3E6DE8A}.Debug|Any CPU.Build.0 = Debug|Any CPU
		{B7BA5B49-B60F-460E-B0FF-B674C3E6DE8A}.Release|Any CPU.ActiveCfg = Release|Any CPU
		{B7BA5B49-B60F-460E-B0FF-B674C3E6DE8A}.Release|Any CPU.Build.0 = Release|Any CPU
	EndGlobalSection
	GlobalSection(SolutionProperties) = preSolution
		HideSolutionNode = FALSE
	EndGlobalSection
	GlobalSection(ExtensibilityGlobals) = postSolution
		SolutionGuid = {411AB4E3-3D62-4FFA-B9F4-18F60ECF83F9}
	EndGlobalSection
EndGlobal
